
Microsoft Visual Studio Solution File, Format Version 10.00
# Visual Studio 2008
Project("{2150E333-8FDC-42A3-9474-1A3956D46DE8}") = "Lib", "Lib", "{FC560E1A-8993-49D8-8642-02F35EF66319}"
EndProject
Project("{2150E333-8FDC-42A3-9474-1A3956D46DE8}") = "App", "App", "{2C91F594-CDA9-43D7-83E5-05E27E55471C}"
EndProject
Project("{8BC9CEB8-8B4A-11D0-8D11-00A0C91BC942}") = "CameraSimulator", "CameraSimulator\CameraSimulator.vcproj", "{86E25EA9-388D-4A6B-8C54-C5E2F1EF38A7}"
	ProjectSection(ProjectDependencies) = postProject
		{0D287519-F174-462A-B50F-B7AF3759862A} = {0D287519-F174-462A-B50F-B7AF3759862A}
	EndProjectSection
EndProject
Project("{8BC9CEB8-8B4A-11D0-8D11-00A0C91BC942}") = "CameraSwitcher", "CameraSwitcher\CameraSwitcher.vcproj", "{256B06B1-6B9D-4D67-B018-DBA5EB64A05D}"
	ProjectSection(ProjectDependencies) = postProject
		{0D287519-F174-462A-B50F-B7AF3759862A} = {0D287519-F174-462A-B50F-B7AF3759862A}
	EndProjectSection
EndProject
Project("{8BC9CEB8-8B4A-11D0-8D11-00A0C91BC942}") = "CameraAlgebra", "CameraAlgebra\CameraAlgebra.vcproj", "{0D287519-F174-462A-B50F-B7AF3759862A}"
	ProjectSection(ProjectDependencies) = postProject
		{550F9F86-CCC0-4C4F-AC93-1D7D4D55FC03} = {550F9F86-CCC0-4C4F-AC93-1D7D4D55FC03}
	EndProjectSection
EndProject
Project("{8BC9CEB8-8B4A-11D0-8D11-00A0C91BC942}") = "MatrixManip", "MatrixManip\MatrixManip.vcproj", "{550F9F86-CCC0-4C4F-AC93-1D7D4D55FC03}"
EndProject
Project("{2150E333-8FDC-42A3-9474-1A3956D46DE8}") = "Test", "Test", "{EE85A6B5-E142-43F2-B646-B018505907BB}"
EndProject
Project("{8BC9CEB8-8B4A-11D0-8D11-00A0C91BC942}") = "cv2cgLibTest", "CLapack2005Test\CLapack2005Test.vcproj", "{78DB53BD-7B0D-4667-B8E4-C26B32993A11}"
	ProjectSection(ProjectDependencies) = postProject
		{0D287519-F174-462A-B50F-B7AF3759862A} = {0D287519-F174-462A-B50F-B7AF3759862A}
		{550F9F86-CCC0-4C4F-AC93-1D7D4D55FC03} = {550F9F86-CCC0-4C4F-AC93-1D7D4D55FC03}
	EndProjectSection
EndProject
Project("{8BC9CEB8-8B4A-11D0-8D11-00A0C91BC942}") = "CameraCalibrator", "CameraCalibrator\CameraCalibrator.vcproj", "{0FBF113B-71E2-4620-BB41-8B5222B6F7A5}"
	ProjectSection(ProjectDependencies) = postProject
		{0D287519-F174-462A-B50F-B7AF3759862A} = {0D287519-F174-462A-B50F-B7AF3759862A}
		{550F9F86-CCC0-4C4F-AC93-1D7D4D55FC03} = {550F9F86-CCC0-4C4F-AC93-1D7D4D55FC03}
	EndProjectSection
EndProject
Project("{2150E333-8FDC-42A3-9474-1A3956D46DE8}") = "Solution Items", "Solution Items", "{C30087B0-673A-4474-8789-41B324C94B44}"
	ProjectSection(SolutionItems) = preProject
		changelog.txt = changelog.txt
	EndProjectSection
EndProject
Global
	GlobalSection(SolutionConfigurationPlatforms) = preSolution
		Debug|Win32 = Debug|Win32
		Release|Win32 = Release|Win32
	EndGlobalSection
	GlobalSection(ProjectConfigurationPlatforms) = postSolution
		{86E25EA9-388D-4A6B-8C54-C5E2F1EF38A7}.Debug|Win32.ActiveCfg = Debug|Win32
		{86E25EA9-388D-4A6B-8C54-C5E2F1EF38A7}.Debug|Win32.Build.0 = Debug|Win32
		{86E25EA9-388D-4A6B-8C54-C5E2F1EF38A7}.Release|Win32.ActiveCfg = Release|Win32
		{86E25EA9-388D-4A6B-8C54-C5E2F1EF38A7}.Release|Win32.Build.0 = Release|Win32
		{256B06B1-6B9D-4D67-B018-DBA5EB64A05D}.Debug|Win32.ActiveCfg = Debug|Win32
		{256B06B1-6B9D-4D67-B018-DBA5EB64A05D}.Debug|Win32.Build.0 = Debug|Win32
		{256B06B1-6B9D-4D67-B018-DBA5EB64A05D}.Release|Win32.ActiveCfg = Release|Win32
		{256B06B1-6B9D-4D67-B018-DBA5EB64A05D}.Release|Win32.Build.0 = Release|Win32
		{0D287519-F174-462A-B50F-B7AF3759862A}.Debug|Win32.ActiveCfg = Debug|Win32
		{0D287519-F174-462A-B50F-B7AF3759862A}.Debug|Win32.Build.0 = Debug|Win32
		{0D287519-F174-462A-B50F-B7AF3759862A}.Release|Win32.ActiveCfg = Release|Win32
		{0D287519-F174-462A-B50F-B7AF3759862A}.Release|Win32.Build.0 = Release|Win32
		{550F9F86-CCC0-4C4F-AC93-1D7D4D55FC03}.Debug|Win32.ActiveCfg = Debug|Win32
		{550F9F86-CCC0-4C4F-AC93-1D7D4D55FC03}.Debug|Win32.Build.0 = Debug|Win32
		{550F9F86-CCC0-4C4F-AC93-1D7D4D55FC03}.Release|Win32.ActiveCfg = Release|Win32
		{550F9F86-CCC0-4C4F-AC93-1D7D4D55FC03}.Release|Win32.Build.0 = Release|Win32
		{78DB53BD-7B0D-4667-B8E4-C26B32993A11}.Debug|Win32.ActiveCfg = Debug|Win32
		{78DB53BD-7B0D-4667-B8E4-C26B32993A11}.Debug|Win32.Build.0 = Debug|Win32
		{78DB53BD-7B0D-4667-B8E4-C26B32993A11}.Release|Win32.ActiveCfg = Release|Win32
		{78DB53BD-7B0D-4667-B8E4-C26B32993A11}.Release|Win32.Build.0 = Release|Win32
		{0FBF113B-71E2-4620-BB41-8B5222B6F7A5}.Debug|Win32.ActiveCfg = Debug|Win32
		{0FBF113B-71E2-4620-BB41-8B5222B6F7A5}.Debug|Win32.Build.0 = Debug|Win32
		{0FBF113B-71E2-4620-BB41-8B5222B6F7A5}.Release|Win32.ActiveCfg = Release|Win32
		{0FBF113B-71E2-4620-BB41-8B5222B6F7A5}.Release|Win32.Build.0 = Release|Win32
	EndGlobalSection
	GlobalSection(SolutionProperties) = preSolution
		HideSolutionNode = FALSE
	EndGlobalSection
	GlobalSection(NestedProjects) = preSolution
		{0D287519-F174-462A-B50F-B7AF3759862A} = {FC560E1A-8993-49D8-8642-02F35EF66319}
		{550F9F86-CCC0-4C4F-AC93-1D7D4D55FC03} = {FC560E1A-8993-49D8-8642-02F35EF66319}
		{86E25EA9-388D-4A6B-8C54-C5E2F1EF38A7} = {2C91F594-CDA9-43D7-83E5-05E27E55471C}
		{256B06B1-6B9D-4D67-B018-DBA5EB64A05D} = {2C91F594-CDA9-43D7-83E5-05E27E55471C}
		{0FBF113B-71E2-4620-BB41-8B5222B6F7A5} = {2C91F594-CDA9-43D7-83E5-05E27E55471C}
		{78DB53BD-7B0D-4667-B8E4-C26B32993A11} = {EE85A6B5-E142-43F2-B646-B018505907BB}
	EndGlobalSection
EndGlobal
