<?xml version="1.0" encoding="UTF-8" standalone="yes" ?>
<CodeBlocks_project_file>
	<FileVersion major="1" minor="6" />
	<Project>
		<Option title="CameraSwitcher" />
		<Option pch_mode="2" />
		<Option compiler="gcc" />
		<Build>
			<Target title="Debug">
				<Option output="bin/Debug/CameraSwitcher" prefix_auto="1" extension_auto="1" />
				<Option object_output="obj/Debug/" />
				<Option type="1" />
				<Option compiler="gcc" />
				<Option parameters="/home/simbaforrest/project/cv2cg/data/draw.txt.out.swt" />
				<Compiler>
					<Add option="-g" />
				</Compiler>
			</Target>
			<Target title="Release">
				<Option output="bin/Release/CameraSwitcher" prefix_auto="1" extension_auto="1" />
				<Option object_output="obj/Release/" />
				<Option type="1" />
				<Option compiler="gcc" />
				<Compiler>
					<Add option="-O2" />
				</Compiler>
				<Linker>
					<Add option="-s" />
				</Linker>
			</Target>
		</Build>
		<Compiler>
			<Add option="-Wall" />
			<Add option="-fexceptions" />
			<Add directory="../../include" />
		</Compiler>
		<Linker>
			<Add library="/usr/local/lib/libopencv_calib3d.so" />
			<Add library="/usr/local/lib/libopencv_contrib.so" />
			<Add library="/usr/local/lib/libopencv_core.so" />
			<Add library="/usr/local/lib/libopencv_features2d.so" />
			<Add library="/usr/local/lib/libopencv_flann.so" />
			<Add library="/usr/local/lib/libopencv_gpu.so" />
			<Add library="/usr/local/lib/libopencv_highgui.so" />
			<Add library="/usr/local/lib/libopencv_imgproc.so" />
			<Add library="/usr/local/lib/libopencv_legacy.so" />
			<Add library="/usr/local/lib/libopencv_ml.so" />
			<Add library="/usr/local/lib/libopencv_objdetect.so" />
			<Add library="/usr/local/lib/libopencv_ts.so" />
			<Add library="/usr/local/lib/libopencv_video.so" />
			<Add library="/usr/local/lib64/libOpenThreads.so" />
			<Add library="/usr/local/lib64/libosg.so" />
			<Add library="/usr/local/lib64/libosgAnimation.so" />
			<Add library="/usr/local/lib64/libosgDB.so" />
			<Add library="/usr/local/lib64/libosgFX.so" />
			<Add library="/usr/local/lib64/libosgGA.so" />
			<Add library="/usr/local/lib64/libosgManipulator.so" />
			<Add library="/usr/local/lib64/libosgParticle.so" />
			<Add library="/usr/local/lib64/libosgPresentation.so" />
			<Add library="/usr/local/lib64/libosgShadow.so" />
			<Add library="/usr/local/lib64/libosgSim.so" />
			<Add library="/usr/local/lib64/libosgTerrain.so" />
			<Add library="/usr/local/lib64/libosgText.so" />
			<Add library="/usr/local/lib64/libosgUtil.so" />
			<Add library="/usr/local/lib64/libosgViewer.so" />
			<Add library="/usr/local/lib64/libosgVolume.so" />
			<Add library="/usr/local/lib64/libosgWidget.so" />
		</Linker>
		<Unit filename="../../application/CameraSwitcher/CameraSwitcher.cpp" />
		<Unit filename="../../application/CameraSwitcher/CameraSwitcher.h" />
		<Unit filename="../../application/CameraSwitcher/CameraUpdator.cpp" />
		<Unit filename="../../application/CameraSwitcher/CameraUpdator.h" />
		<Unit filename="../../application/CameraSwitcher/SwitchHandler.cpp" />
		<Unit filename="../../application/CameraSwitcher/SwitchHandler.h" />
		<Unit filename="../../application/CameraSwitcher/main.cpp" />
		<Extensions>
			<code_completion />
			<debugger />
		</Extensions>
	</Project>
</CodeBlocks_project_file>
